
Microsoft Visual Studio Solution File, Format Version 12.00
# Visual Studio Version 17
VisualStudioVersion = 17.0.32126.317
MinimumVisualStudioVersion = 10.0.40219.1
Project("{9A19103F-16F7-4668-BE54-9A1E7A4F7556}") = "TestProject", "TestProject.csproj", "{EAB03A42-702C-40CA-A5B3-E47901BBCA5C}"
EndProject
Global
	GlobalSection(SolutionConfigurationPlatforms) = preSolution
		Debug|Any CPU = Debug|Any CPU
		Release|Any CPU = Release|Any CPU
	EndGlobalSection
	GlobalSection(ProjectConfigurationPlatforms) = postSolution
		{EAB03A42-702C-40CA-A5B3-E47901BBCA5C}.Debug|Any CPU.ActiveCfg = Debug|Any CPU
		{EAB03A42-702C-40CA-A5B3-E47901BBCA5C}.Debug|Any CPU.Build.0 = Debug|Any CPU
		{EAB03A42-702C-40CA-A5B3-E47901BBCA5C}.Release|Any CPU.ActiveCfg = Release|Any CPU
		{EAB03A42-702C-40CA-A5B3-E47901BBCA5C}.Release|Any CPU.Build.0 = Release|Any CPU
	EndGlobalSection
	GlobalSection(SolutionProperties) = preSolution
		HideSolutionNode = FALSE
	EndGlobalSection
	GlobalSection(ExtensibilityGlobals) = postSolution
		SolutionGuid = {B90F0AC7-2FE7-4A92-BAC6-F08ECC608228}
	EndGlobalSection
EndGlobal
