
Microsoft Visual Studio Solution File, Format Version 12.00
# Visual Studio Version 17
VisualStudioVersion = 17.0.32126.317
MinimumVisualStudioVersion = 10.0.40219.1
Project("{FAE04EC0-301F-11D3-BF4B-00C04F79EFBC}") = "RazorPagesMovie", "RazorPagesMovie\RazorPagesMovie.csproj", "{345345A5-25B5-40AB-8FB1-BB0C1EA6A098}"
EndProject
Global
	GlobalSection(SolutionConfigurationPlatforms) = preSolution
		Debug|Any CPU = Debug|Any CPU
		Release|Any CPU = Release|Any CPU
	EndGlobalSection
	GlobalSection(ProjectConfigurationPlatforms) = postSolution
		{345345A5-25B5-40AB-8FB1-BB0C1EA6A098}.Debug|Any CPU.ActiveCfg = Debug|Any CPU
		{345345A5-25B5-40AB-8FB1-BB0C1EA6A098}.Debug|Any CPU.Build.0 = Debug|Any CPU
		{345345A5-25B5-40AB-8FB1-BB0C1EA6A098}.Release|Any CPU.ActiveCfg = Release|Any CPU
		{345345A5-25B5-40AB-8FB1-BB0C1EA6A098}.Release|Any CPU.Build.0 = Release|Any CPU
	EndGlobalSection
	GlobalSection(SolutionProperties) = preSolution
		HideSolutionNode = FALSE
	EndGlobalSection
	GlobalSection(ExtensibilityGlobals) = postSolution
		SolutionGuid = {07A4C668-82CF-4293-A212-59B5A9DFD54C}
	EndGlobalSection
EndGlobal
